
Microsoft Visual Studio Solution File, Format Version 12.00
# Visual Studio Version 17
VisualStudioVersion = 17.8.34511.84
MinimumVisualStudioVersion = 10.0.40219.1
Project("{FAE04EC0-301F-11D3-BF4B-00C04F79EFBC}") = "Flowww", "Flowww.csproj", "{F43D548A-B217-4629-8B18-32B75CCE3421}"
EndProject
Project("{FAE04EC0-301F-11D3-BF4B-00C04F79EFBC}") = "Flowww.unit-tests", "..\Flowww.unit-tests\Flowww.unit-tests.csproj", "{D6C59638-4F6A-4B66-B293-CC298C96E483}"
EndProject
Global
	GlobalSection(SolutionConfigurationPlatforms) = preSolution
		Debug|Any CPU = Debug|Any CPU
		Release|Any CPU = Release|Any CPU
	EndGlobalSection
	GlobalSection(ProjectConfigurationPlatforms) = postSolution
		{F43D548A-B217-4629-8B18-32B75CCE3421}.Debug|Any CPU.ActiveCfg = Debug|Any CPU
		{F43D548A-B217-4629-8B18-32B75CCE3421}.Debug|Any CPU.Build.0 = Debug|Any CPU
		{F43D548A-B217-4629-8B18-32B75CCE3421}.Release|Any CPU.ActiveCfg = Release|Any CPU
		{F43D548A-B217-4629-8B18-32B75CCE3421}.Release|Any CPU.Build.0 = Release|Any CPU
		{D6C59638-4F6A-4B66-B293-CC298C96E483}.Debug|Any CPU.ActiveCfg = Debug|Any CPU
		{D6C59638-4F6A-4B66-B293-CC298C96E483}.Debug|Any CPU.Build.0 = Debug|Any CPU
		{D6C59638-4F6A-4B66-B293-CC298C96E483}.Release|Any CPU.ActiveCfg = Release|Any CPU
		{D6C59638-4F6A-4B66-B293-CC298C96E483}.Release|Any CPU.Build.0 = Release|Any CPU
	EndGlobalSection
	GlobalSection(SolutionProperties) = preSolution
		HideSolutionNode = FALSE
	EndGlobalSection
	GlobalSection(ExtensibilityGlobals) = postSolution
		SolutionGuid = {1D42C613-1065-48EC-9A9A-8E817D04B12F}
	EndGlobalSection
EndGlobal
